
Microsoft Visual Studio Solution File, Format Version 12.00
# Visual Studio Version 17
VisualStudioVersion = 17.8.34322.80
MinimumVisualStudioVersion = 10.0.40219.1
Project("{FAE04EC0-301F-11D3-BF4B-00C04F79EFBC}") = "CustomDialog", "CustomDialog.csproj", "{745B7B39-EA2D-4E2A-9D2B-C770A3700709}"
EndProject
Global
	GlobalSection(SolutionConfigurationPlatforms) = preSolution
		Debug|Any CPU = Debug|Any CPU
		Release|Any CPU = Release|Any CPU
	EndGlobalSection
	GlobalSection(ProjectConfigurationPlatforms) = postSolution
		{745B7B39-EA2D-4E2A-9D2B-C770A3700709}.Debug|Any CPU.ActiveCfg = Debug|Any CPU
		{745B7B39-EA2D-4E2A-9D2B-C770A3700709}.Debug|Any CPU.Build.0 = Debug|Any CPU
		{745B7B39-EA2D-4E2A-9D2B-C770A3700709}.Release|Any CPU.ActiveCfg = Release|Any CPU
		{745B7B39-EA2D-4E2A-9D2B-C770A3700709}.Release|Any CPU.Build.0 = Release|Any CPU
	EndGlobalSection
	GlobalSection(SolutionProperties) = preSolution
		HideSolutionNode = FALSE
	EndGlobalSection
	GlobalSection(ExtensibilityGlobals) = postSolution
		SolutionGuid = {E5436E81-38A8-4180-B34F-AA486E692BC0}
	EndGlobalSection
EndGlobal
